
Microsoft Visual Studio Solution File, Format Version 12.00
# Visual Studio Version 17
VisualStudioVersion = 17.4.33403.182
MinimumVisualStudioVersion = 10.0.40219.1
Project("{8BC9CEB8-8B4A-11D0-8D11-00A0C91BC942}") = "c_algo", "c_algo.vcxproj", "{997FBE99-0986-4A23-82C2-F4DAD64D57FB}"
EndProject
Global
	GlobalSection(SolutionConfigurationPlatforms) = preSolution
		Debug|x64 = Debug|x64
		Debug|x86 = Debug|x86
		Release|x64 = Release|x64
		Release|x86 = Release|x86
	EndGlobalSection
	GlobalSection(ProjectConfigurationPlatforms) = postSolution
		{997FBE99-0986-4A23-82C2-F4DAD64D57FB}.Debug|x64.ActiveCfg = Debug|x64
		{997FBE99-0986-4A23-82C2-F4DAD64D57FB}.Debug|x64.Build.0 = Debug|x64
		{997FBE99-0986-4A23-82C2-F4DAD64D57FB}.Debug|x86.ActiveCfg = Debug|Win32
		{997FBE99-0986-4A23-82C2-F4DAD64D57FB}.Debug|x86.Build.0 = Debug|Win32
		{997FBE99-0986-4A23-82C2-F4DAD64D57FB}.Release|x64.ActiveCfg = Release|x64
		{997FBE99-0986-4A23-82C2-F4DAD64D57FB}.Release|x64.Build.0 = Release|x64
		{997FBE99-0986-4A23-82C2-F4DAD64D57FB}.Release|x86.ActiveCfg = Release|Win32
		{997FBE99-0986-4A23-82C2-F4DAD64D57FB}.Release|x86.Build.0 = Release|Win32
	EndGlobalSection
	GlobalSection(SolutionProperties) = preSolution
		HideSolutionNode = FALSE
	EndGlobalSection
	GlobalSection(ExtensibilityGlobals) = postSolution
		SolutionGuid = {70E56827-27D2-48C0-AC14-3819D4C7C4E0}
	EndGlobalSection
EndGlobal
